
Microsoft Visual Studio Solution File, Format Version 12.00
# Visual Studio Version 16
VisualStudioVersion = 16.0.30320.27
MinimumVisualStudioVersion = 10.0.40219.1
Project("{9A19103F-16F7-4668-BE54-9A1E7A4F7556}") = "Hilal.Common", "Hilal.Common\Hilal.Common.csproj", "{12459786-176D-43B9-8D4E-9593507B3811}"
EndProject
Project("{9A19103F-16F7-4668-BE54-9A1E7A4F7556}") = "Hilal.Data", "Hilal.Data\Hilal.Data.csproj", "{05216D60-10BD-4235-A0EA-BA57DF049946}"
EndProject
Project("{9A19103F-16F7-4668-BE54-9A1E7A4F7556}") = "Hilal.DataViewModel", "Hilal.DataViewModel\Hilal.DataViewModel.csproj", "{11901B61-D8AE-4CE8-9677-F00863D89B2B}"
EndProject
Project("{9A19103F-16F7-4668-BE54-9A1E7A4F7556}") = "Hilal.Service", "Hilal.Service\Hilal.Service.csproj", "{E9190A43-EBCF-4B95-B9F0-1DA666B87038}"
EndProject
Project("{9A19103F-16F7-4668-BE54-9A1E7A4F7556}") = "Hilal.Api", "Hilal.Api\Hilal.Api.csproj", "{4E4F3C4F-5610-4D16-95BF-32AE5B21DAD9}"
EndProject
Global
	GlobalSection(SolutionConfigurationPlatforms) = preSolution
		Debug|Any CPU = Debug|Any CPU
		Release|Any CPU = Release|Any CPU
	EndGlobalSection
	GlobalSection(ProjectConfigurationPlatforms) = postSolution
		{12459786-176D-43B9-8D4E-9593507B3811}.Debug|Any CPU.ActiveCfg = Debug|Any CPU
		{12459786-176D-43B9-8D4E-9593507B3811}.Debug|Any CPU.Build.0 = Debug|Any CPU
		{12459786-176D-43B9-8D4E-9593507B3811}.Release|Any CPU.ActiveCfg = Release|Any CPU
		{12459786-176D-43B9-8D4E-9593507B3811}.Release|Any CPU.Build.0 = Release|Any CPU
		{05216D60-10BD-4235-A0EA-BA57DF049946}.Debug|Any CPU.ActiveCfg = Debug|Any CPU
		{05216D60-10BD-4235-A0EA-BA57DF049946}.Debug|Any CPU.Build.0 = Debug|Any CPU
		{05216D60-10BD-4235-A0EA-BA57DF049946}.Release|Any CPU.ActiveCfg = Release|Any CPU
		{05216D60-10BD-4235-A0EA-BA57DF049946}.Release|Any CPU.Build.0 = Release|Any CPU
		{11901B61-D8AE-4CE8-9677-F00863D89B2B}.Debug|Any CPU.ActiveCfg = Debug|Any CPU
		{11901B61-D8AE-4CE8-9677-F00863D89B2B}.Debug|Any CPU.Build.0 = Debug|Any CPU
		{11901B61-D8AE-4CE8-9677-F00863D89B2B}.Release|Any CPU.ActiveCfg = Release|Any CPU
		{11901B61-D8AE-4CE8-9677-F00863D89B2B}.Release|Any CPU.Build.0 = Release|Any CPU
		{E9190A43-EBCF-4B95-B9F0-1DA666B87038}.Debug|Any CPU.ActiveCfg = Debug|Any CPU
		{E9190A43-EBCF-4B95-B9F0-1DA666B87038}.Debug|Any CPU.Build.0 = Debug|Any CPU
		{E9190A43-EBCF-4B95-B9F0-1DA666B87038}.Release|Any CPU.ActiveCfg = Release|Any CPU
		{E9190A43-EBCF-4B95-B9F0-1DA666B87038}.Release|Any CPU.Build.0 = Release|Any CPU
		{4E4F3C4F-5610-4D16-95BF-32AE5B21DAD9}.Debug|Any CPU.ActiveCfg = Debug|Any CPU
		{4E4F3C4F-5610-4D16-95BF-32AE5B21DAD9}.Debug|Any CPU.Build.0 = Debug|Any CPU
		{4E4F3C4F-5610-4D16-95BF-32AE5B21DAD9}.Release|Any CPU.ActiveCfg = Release|Any CPU
		{4E4F3C4F-5610-4D16-95BF-32AE5B21DAD9}.Release|Any CPU.Build.0 = Release|Any CPU
	EndGlobalSection
	GlobalSection(SolutionProperties) = preSolution
		HideSolutionNode = FALSE
	EndGlobalSection
	GlobalSection(ExtensibilityGlobals) = postSolution
		SolutionGuid = {0F3263AE-DA2D-44CB-8331-24932041EF2F}
	EndGlobalSection
EndGlobal
